// !$*UTF8*$!
{
	archiveVersion = 1;
	classes = {
	};
	objectVersion = 56;
	objects = {

/* Begin PBXBuildFile section */
		25D8639715CEE76AFAEBC705 /* Pods_MultipleAPICallingTests.framework in Frameworks */ = {isa = PBXBuildFile; fileRef = A01B0F2F99A22511B8BE633A /* Pods_MultipleAPICallingTests.framework */; };
		298313C21C6DC189C4C07F6C /* Pods_MultipleAPICalling_MultipleAPICallingUITests.framework in Frameworks */ = {isa = PBXBuildFile; fileRef = 9B24EE968C07E465C6D2A877 /* Pods_MultipleAPICalling_MultipleAPICallingUITests.framework */; };
		BDDE93742C1A7E1F005E8A07 /* AppDelegate.swift in Sources */ = {isa = PBXBuildFile; fileRef = BDDE93732C1A7E1F005E8A07 /* AppDelegate.swift */; };
		BDDE93762C1A7E1F005E8A07 /* SceneDelegate.swift in Sources */ = {isa = PBXBuildFile; fileRef = BDDE93752C1A7E1F005E8A07 /* SceneDelegate.swift */; };
		BDDE93782C1A7E1F005E8A07 /* ViewController.swift in Sources */ = {isa = PBXBuildFile; fileRef = BDDE93772C1A7E1F005E8A07 /* ViewController.swift */; };
		BDDE937B2C1A7E1F005E8A07 /* Base in Resources */ = {isa = PBXBuildFile; fileRef = BDDE937A2C1A7E1F005E8A07 /* Base */; };
		BDDE937D2C1A7E21005E8A07 /* Assets.xcassets in Resources */ = {isa = PBXBuildFile; fileRef = BDDE937C2C1A7E21005E8A07 /* Assets.xcassets */; };
		BDDE93802C1A7E21005E8A07 /* Base in Resources */ = {isa = PBXBuildFile; fileRef = BDDE937F2C1A7E21005E8A07 /* Base */; };
		BDDE938B2C1A7E21005E8A07 /* MultipleAPICallingTests.swift in Sources */ = {isa = PBXBuildFile; fileRef = BDDE938A2C1A7E21005E8A07 /* MultipleAPICallingTests.swift */; };
		BDDE93952C1A7E21005E8A07 /* MultipleAPICallingUITests.swift in Sources */ = {isa = PBXBuildFile; fileRef = BDDE93942C1A7E21005E8A07 /* MultipleAPICallingUITests.swift */; };
		BDDE93972C1A7E21005E8A07 /* MultipleAPICallingUITestsLaunchTests.swift in Sources */ = {isa = PBXBuildFile; fileRef = BDDE93962C1A7E21005E8A07 /* MultipleAPICallingUITestsLaunchTests.swift */; };
		BDDE93A42C1A84B6005E8A07 /* Model.swift in Sources */ = {isa = PBXBuildFile; fileRef = BDDE93A32C1A84B6005E8A07 /* Model.swift */; };
		BDDE93A62C1A85F5005E8A07 /* FamousTableViewCell.swift in Sources */ = {isa = PBXBuildFile; fileRef = BDDE93A52C1A85F5005E8A07 /* FamousTableViewCell.swift */; };
		BDDE93A82C1A85FE005E8A07 /* TagsTableViewCell.swift in Sources */ = {isa = PBXBuildFile; fileRef = BDDE93A72C1A85FE005E8A07 /* TagsTableViewCell.swift */; };
		DD15A4DC88ADD45785E77F36 /* Pods_MultipleAPICalling.framework in Frameworks */ = {isa = PBXBuildFile; fileRef = DC5DBC69F02E39512A27EAB5 /* Pods_MultipleAPICalling.framework */; };
/* End PBXBuildFile section */

/* Begin PBXContainerItemProxy section */
		BDDE93872C1A7E21005E8A07 /* PBXContainerItemProxy */ = {
			isa = PBXContainerItemProxy;
			containerPortal = BDDE93682C1A7E1F005E8A07 /* Project object */;
			proxyType = 1;
			remoteGlobalIDString = BDDE936F2C1A7E1F005E8A07;
			remoteInfo = MultipleAPICalling;
		};
		BDDE93912C1A7E21005E8A07 /* PBXContainerItemProxy */ = {
			isa = PBXContainerItemProxy;
			containerPortal = BDDE93682C1A7E1F005E8A07 /* Project object */;
			proxyType = 1;
			remoteGlobalIDString = BDDE936F2C1A7E1F005E8A07;
			remoteInfo = MultipleAPICalling;
		};
/* End PBXContainerItemProxy section */

/* Begin PBXFileReference section */
		17F6E41B17FB8C4133A04361 /* Pods-MultipleAPICallingTests.debug.xcconfig */ = {isa = PBXFileReference; includeInIndex = 1; lastKnownFileType = text.xcconfig; name = "Pods-MultipleAPICallingTests.debug.xcconfig"; path = "Target Support Files/Pods-MultipleAPICallingTests/Pods-MultipleAPICallingTests.debug.xcconfig"; sourceTree = "<group>"; };
		1EAF5AF28F1D10E9D7A8164E /* Pods-MultipleAPICalling-MultipleAPICallingUITests.debug.xcconfig */ = {isa = PBXFileReference; includeInIndex = 1; lastKnownFileType = text.xcconfig; name = "Pods-MultipleAPICalling-MultipleAPICallingUITests.debug.xcconfig"; path = "Target Support Files/Pods-MultipleAPICalling-MultipleAPICallingUITests/Pods-MultipleAPICalling-MultipleAPICallingUITests.debug.xcconfig"; sourceTree = "<group>"; };
		380BEE897F00A8666F053090 /* Pods-MultipleAPICalling.debug.xcconfig */ = {isa = PBXFileReference; includeInIndex = 1; lastKnownFileType = text.xcconfig; name = "Pods-MultipleAPICalling.debug.xcconfig"; path = "Target Support Files/Pods-MultipleAPICalling/Pods-MultipleAPICalling.debug.xcconfig"; sourceTree = "<group>"; };
		5C7C7321A77D3495FDA6928F /* Pods-MultipleAPICalling-MultipleAPICallingUITests.release.xcconfig */ = {isa = PBXFileReference; includeInIndex = 1; lastKnownFileType = text.xcconfig; name = "Pods-MultipleAPICalling-MultipleAPICallingUITests.release.xcconfig"; path = "Target Support Files/Pods-MultipleAPICalling-MultipleAPICallingUITests/Pods-MultipleAPICalling-MultipleAPICallingUITests.release.xcconfig"; sourceTree = "<group>"; };
		8123DE1F350ECAE60DF05F25 /* Pods-MultipleAPICallingTests.release.xcconfig */ = {isa = PBXFileReference; includeInIndex = 1; lastKnownFileType = text.xcconfig; name = "Pods-MultipleAPICallingTests.release.xcconfig"; path = "Target Support Files/Pods-MultipleAPICallingTests/Pods-MultipleAPICallingTests.release.xcconfig"; sourceTree = "<group>"; };
		9B24EE968C07E465C6D2A877 /* Pods_MultipleAPICalling_MultipleAPICallingUITests.framework */ = {isa = PBXFileReference; explicitFileType = wrapper.framework; includeInIndex = 0; path = Pods_MultipleAPICalling_MultipleAPICallingUITests.framework; sourceTree = BUILT_PRODUCTS_DIR; };
		A01B0F2F99A22511B8BE633A /* Pods_MultipleAPICallingTests.framework */ = {isa = PBXFileReference; explicitFileType = wrapper.framework; includeInIndex = 0; path = Pods_MultipleAPICallingTests.framework; sourceTree = BUILT_PRODUCTS_DIR; };
		BDDE93702C1A7E1F005E8A07 /* MultipleAPICalling.app */ = {isa = PBXFileReference; explicitFileType = wrapper.application; includeInIndex = 0; path = MultipleAPICalling.app; sourceTree = BUILT_PRODUCTS_DIR; };
		BDDE93732C1A7E1F005E8A07 /* AppDelegate.swift */ = {isa = PBXFileReference; lastKnownFileType = sourcecode.swift; path = AppDelegate.swift; sourceTree = "<group>"; };
		BDDE93752C1A7E1F005E8A07 /* SceneDelegate.swift */ = {isa = PBXFileReference; lastKnownFileType = sourcecode.swift; path = SceneDelegate.swift; sourceTree = "<group>"; };
		BDDE93772C1A7E1F005E8A07 /* ViewController.swift */ = {isa = PBXFileReference; lastKnownFileType = sourcecode.swift; path = ViewController.swift; sourceTree = "<group>"; };
		BDDE937A2C1A7E1F005E8A07 /* Base */ = {isa = PBXFileReference; lastKnownFileType = file.storyboard; name = Base; path = Base.lproj/Main.storyboard; sourceTree = "<group>"; };
		BDDE937C2C1A7E21005E8A07 /* Assets.xcassets */ = {isa = PBXFileReference; lastKnownFileType = folder.assetcatalog; path = Assets.xcassets; sourceTree = "<group>"; };
		BDDE937F2C1A7E21005E8A07 /* Base */ = {isa = PBXFileReference; lastKnownFileType = file.storyboard; name = Base; path = Base.lproj/LaunchScreen.storyboard; sourceTree = "<group>"; };
		BDDE93812C1A7E21005E8A07 /* Info.plist */ = {isa = PBXFileReference; lastKnownFileType = text.plist.xml; path = Info.plist; sourceTree = "<group>"; };
		BDDE93862C1A7E21005E8A07 /* MultipleAPICallingTests.xctest */ = {isa = PBXFileReference; explicitFileType = wrapper.cfbundle; includeInIndex = 0; path = MultipleAPICallingTests.xctest; sourceTree = BUILT_PRODUCTS_DIR; };
		BDDE938A2C1A7E21005E8A07 /* MultipleAPICallingTests.swift */ = {isa = PBXFileReference; lastKnownFileType = sourcecode.swift; path = MultipleAPICallingTests.swift; sourceTree = "<group>"; };
		BDDE93902C1A7E21005E8A07 /* MultipleAPICallingUITests.xctest */ = {isa = PBXFileReference; explicitFileType = wrapper.cfbundle; includeInIndex = 0; path = MultipleAPICallingUITests.xctest; sourceTree = BUILT_PRODUCTS_DIR; };
		BDDE93942C1A7E21005E8A07 /* MultipleAPICallingUITests.swift */ = {isa = PBXFileReference; lastKnownFileType = sourcecode.swift; path = MultipleAPICallingUITests.swift; sourceTree = "<group>"; };
		BDDE93962C1A7E21005E8A07 /* MultipleAPICallingUITestsLaunchTests.swift */ = {isa = PBXFileReference; lastKnownFileType = sourcecode.swift; path = MultipleAPICallingUITestsLaunchTests.swift; sourceTree = "<group>"; };
		BDDE93A32C1A84B6005E8A07 /* Model.swift */ = {isa = PBXFileReference; lastKnownFileType = sourcecode.swift; path = Model.swift; sourceTree = "<group>"; };
		BDDE93A52C1A85F5005E8A07 /* FamousTableViewCell.swift */ = {isa = PBXFileReference; lastKnownFileType = sourcecode.swift; path = FamousTableViewCell.swift; sourceTree = "<group>"; };
		BDDE93A72C1A85FE005E8A07 /* TagsTableViewCell.swift */ = {isa = PBXFileReference; lastKnownFileType = sourcecode.swift; path = TagsTableViewCell.swift; sourceTree = "<group>"; };
		CFCF3F68F2AB12D990AC01F2 /* Pods-MultipleAPICalling.release.xcconfig */ = {isa = PBXFileReference; includeInIndex = 1; lastKnownFileType = text.xcconfig; name = "Pods-MultipleAPICalling.release.xcconfig"; path = "Target Support Files/Pods-MultipleAPICalling/Pods-MultipleAPICalling.release.xcconfig"; sourceTree = "<group>"; };
		DC5DBC69F02E39512A27EAB5 /* Pods_MultipleAPICalling.framework */ = {isa = PBXFileReference; explicitFileType = wrapper.framework; includeInIndex = 0; path = Pods_MultipleAPICalling.framework; sourceTree = BUILT_PRODUCTS_DIR; };
/* End PBXFileReference section */

/* Begin PBXFrameworksBuildPhase section */
		BDDE936D2C1A7E1F005E8A07 /* Frameworks */ = {
			isa = PBXFrameworksBuildPhase;
			buildActionMask = 2147483647;
			files = (
				DD15A4DC88ADD45785E77F36 /* Pods_MultipleAPICalling.framework in Frameworks */,
			);
			runOnlyForDeploymentPostprocessing = 0;
		};
		BDDE93832C1A7E21005E8A07 /* Frameworks */ = {
			isa = PBXFrameworksBuildPhase;
			buildActionMask = 2147483647;
			files = (
				25D8639715CEE76AFAEBC705 /* Pods_MultipleAPICallingTests.framework in Frameworks */,
			);
			runOnlyForDeploymentPostprocessing = 0;
		};
		BDDE938D2C1A7E21005E8A07 /* Frameworks */ = {
			isa = PBXFrameworksBuildPhase;
			buildActionMask = 2147483647;
			files = (
				298313C21C6DC189C4C07F6C /* Pods_MultipleAPICalling_MultipleAPICallingUITests.framework in Frameworks */,
			);
			runOnlyForDeploymentPostprocessing = 0;
		};
/* End PBXFrameworksBuildPhase section */

/* Begin PBXGroup section */
		5AE2C99C4876992148D9CE59 /* Frameworks */ = {
			isa = PBXGroup;
			children = (
				DC5DBC69F02E39512A27EAB5 /* Pods_MultipleAPICalling.framework */,
				9B24EE968C07E465C6D2A877 /* Pods_MultipleAPICalling_MultipleAPICallingUITests.framework */,
				A01B0F2F99A22511B8BE633A /* Pods_MultipleAPICallingTests.framework */,
			);
			name = Frameworks;
			sourceTree = "<group>";
		};
		BDDE93672C1A7E1F005E8A07 = {
			isa = PBXGroup;
			children = (
				BDDE93722C1A7E1F005E8A07 /* MultipleAPICalling */,
				BDDE93892C1A7E21005E8A07 /* MultipleAPICallingTests */,
				BDDE93932C1A7E21005E8A07 /* MultipleAPICallingUITests */,
				BDDE93712C1A7E1F005E8A07 /* Products */,
				E909B91777DBE9EBBD298F14 /* Pods */,
				5AE2C99C4876992148D9CE59 /* Frameworks */,
			);
			sourceTree = "<group>";
		};
		BDDE93712C1A7E1F005E8A07 /* Products */ = {
			isa = PBXGroup;
			children = (
				BDDE93702C1A7E1F005E8A07 /* MultipleAPICalling.app */,
				BDDE93862C1A7E21005E8A07 /* MultipleAPICallingTests.xctest */,
				BDDE93902C1A7E21005E8A07 /* MultipleAPICallingUITests.xctest */,
			);
			name = Products;
			sourceTree = "<group>";
		};
		BDDE93722C1A7E1F005E8A07 /* MultipleAPICalling */ = {
			isa = PBXGroup;
			children = (
				BDDE93732C1A7E1F005E8A07 /* AppDelegate.swift */,
				BDDE93752C1A7E1F005E8A07 /* SceneDelegate.swift */,
				BDDE93A32C1A84B6005E8A07 /* Model.swift */,
				BDDE93772C1A7E1F005E8A07 /* ViewController.swift */,
				BDDE93792C1A7E1F005E8A07 /* Main.storyboard */,
				BDDE93A52C1A85F5005E8A07 /* FamousTableViewCell.swift */,
				BDDE93A72C1A85FE005E8A07 /* TagsTableViewCell.swift */,
				BDDE937C2C1A7E21005E8A07 /* Assets.xcassets */,
				BDDE937E2C1A7E21005E8A07 /* LaunchScreen.storyboard */,
				BDDE93812C1A7E21005E8A07 /* Info.plist */,
			);
			path = MultipleAPICalling;
			sourceTree = "<group>";
		};
		BDDE93892C1A7E21005E8A07 /* MultipleAPICallingTests */ = {
			isa = PBXGroup;
			children = (
				BDDE938A2C1A7E21005E8A07 /* MultipleAPICallingTests.swift */,
			);
			path = MultipleAPICallingTests;
			sourceTree = "<group>";
		};
		BDDE93932C1A7E21005E8A07 /* MultipleAPICallingUITests */ = {
			isa = PBXGroup;
			children = (
				BDDE93942C1A7E21005E8A07 /* MultipleAPICallingUITests.swift */,
				BDDE93962C1A7E21005E8A07 /* MultipleAPICallingUITestsLaunchTests.swift */,
			);
			path = MultipleAPICallingUITests;
			sourceTree = "<group>";
		};
		E909B91777DBE9EBBD298F14 /* Pods */ = {
			isa = PBXGroup;
			children = (
				380BEE897F00A8666F053090 /* Pods-MultipleAPICalling.debug.xcconfig */,
				CFCF3F68F2AB12D990AC01F2 /* Pods-MultipleAPICalling.release.xcconfig */,
				1EAF5AF28F1D10E9D7A8164E /* Pods-MultipleAPICalling-MultipleAPICallingUITests.debug.xcconfig */,
				5C7C7321A77D3495FDA6928F /* Pods-MultipleAPICalling-MultipleAPICallingUITests.release.xcconfig */,
				17F6E41B17FB8C4133A04361 /* Pods-MultipleAPICallingTests.debug.xcconfig */,
				8123DE1F350ECAE60DF05F25 /* Pods-MultipleAPICallingTests.release.xcconfig */,
			);
			path = Pods;
			sourceTree = "<group>";
		};
/* End PBXGroup section */

/* Begin PBXNativeTarget section */
		BDDE936F2C1A7E1F005E8A07 /* MultipleAPICalling */ = {
			isa = PBXNativeTarget;
			buildConfigurationList = BDDE939A2C1A7E21005E8A07 /* Build configuration list for PBXNativeTarget "MultipleAPICalling" */;
			buildPhases = (
				2D9C3007E8197B69F3DFFC67 /* [CP] Check Pods Manifest.lock */,
				BDDE936C2C1A7E1F005E8A07 /* Sources */,
				BDDE936D2C1A7E1F005E8A07 /* Frameworks */,
				BDDE936E2C1A7E1F005E8A07 /* Resources */,
				D06F28A7ECC6841444193AFC /* [CP] Embed Pods Frameworks */,
			);
			buildRules = (
			);
			dependencies = (
			);
			name = MultipleAPICalling;
			productName = MultipleAPICalling;
			productReference = BDDE93702C1A7E1F005E8A07 /* MultipleAPICalling.app */;
			productType = "com.apple.product-type.application";
		};
		BDDE93852C1A7E21005E8A07 /* MultipleAPICallingTests */ = {
			isa = PBXNativeTarget;
			buildConfigurationList = BDDE939D2C1A7E21005E8A07 /* Build configuration list for PBXNativeTarget "MultipleAPICallingTests" */;
			buildPhases = (
				717C545C2274B32897936B8F /* [CP] Check Pods Manifest.lock */,
				BDDE93822C1A7E21005E8A07 /* Sources */,
				BDDE93832C1A7E21005E8A07 /* Frameworks */,
				BDDE93842C1A7E21005E8A07 /* Resources */,
			);
			buildRules = (
			);
			dependencies = (
				BDDE93882C1A7E21005E8A07 /* PBXTargetDependency */,
			);
			name = MultipleAPICallingTests;
			productName = MultipleAPICallingTests;
			productReference = BDDE93862C1A7E21005E8A07 /* MultipleAPICallingTests.xctest */;
			productType = "com.apple.product-type.bundle.unit-test";
		};
		BDDE938F2C1A7E21005E8A07 /* MultipleAPICallingUITests */ = {
			isa = PBXNativeTarget;
			buildConfigurationList = BDDE93A02C1A7E21005E8A07 /* Build configuration list for PBXNativeTarget "MultipleAPICallingUITests" */;
			buildPhases = (
				44E712C4511EC8CBAFEBB233 /* [CP] Check Pods Manifest.lock */,
				BDDE938C2C1A7E21005E8A07 /* Sources */,
				BDDE938D2C1A7E21005E8A07 /* Frameworks */,
				BDDE938E2C1A7E21005E8A07 /* Resources */,
				0D6352D211FF5E2557C5F711 /* [CP] Embed Pods Frameworks */,
			);
			buildRules = (
			);
			dependencies = (
				BDDE93922C1A7E21005E8A07 /* PBXTargetDependency */,
			);
			name = MultipleAPICallingUITests;
			productName = MultipleAPICallingUITests;
			productReference = BDDE93902C1A7E21005E8A07 /* MultipleAPICallingUITests.xctest */;
			productType = "com.apple.product-type.bundle.ui-testing";
		};
/* End PBXNativeTarget section */

/* Begin PBXProject section */
		BDDE93682C1A7E1F005E8A07 /* Project object */ = {
			isa = PBXProject;
			attributes = {
				BuildIndependentTargetsInParallel = 1;
				LastSwiftUpdateCheck = 1530;
				LastUpgradeCheck = 1530;
				TargetAttributes = {
					BDDE936F2C1A7E1F005E8A07 = {
						CreatedOnToolsVersion = 15.3;
					};
					BDDE93852C1A7E21005E8A07 = {
						CreatedOnToolsVersion = 15.3;
						TestTargetID = BDDE936F2C1A7E1F005E8A07;
					};
					BDDE938F2C1A7E21005E8A07 = {
						CreatedOnToolsVersion = 15.3;
						TestTargetID = BDDE936F2C1A7E1F005E8A07;
					};
				};
			};
			buildConfigurationList = BDDE936B2C1A7E1F005E8A07 /* Build configuration list for PBXProject "MultipleAPICalling" */;
			compatibilityVersion = "Xcode 14.0";
			developmentRegion = en;
			hasScannedForEncodings = 0;
			knownRegions = (
				en,
				Base,
			);
			mainGroup = BDDE93672C1A7E1F005E8A07;
			productRefGroup = BDDE93712C1A7E1F005E8A07 /* Products */;
			projectDirPath = "";
			projectRoot = "";
			targets = (
				BDDE936F2C1A7E1F005E8A07 /* MultipleAPICalling */,
				BDDE93852C1A7E21005E8A07 /* MultipleAPICallingTests */,
				BDDE938F2C1A7E21005E8A07 /* MultipleAPICallingUITests */,
			);
		};
/* End PBXProject section */

/* Begin PBXResourcesBuildPhase section */
		BDDE936E2C1A7E1F005E8A07 /* Resources */ = {
			isa = PBXResourcesBuildPhase;
			buildActionMask = 2147483647;
			files = (
				BDDE937D2C1A7E21005E8A07 /* Assets.xcassets in Resources */,
				BDDE93802C1A7E21005E8A07 /* Base in Resources */,
				BDDE937B2C1A7E1F005E8A07 /* Base in Resources */,
			);
			runOnlyForDeploymentPostprocessing = 0;
		};
		BDDE93842C1A7E21005E8A07 /* Resources */ = {
			isa = PBXResourcesBuildPhase;
			buildActionMask = 2147483647;
			files = (
			);
			runOnlyForDeploymentPostprocessing = 0;
		};
		BDDE938E2C1A7E21005E8A07 /* Resources */ = {
			isa = PBXResourcesBuildPhase;
			buildActionMask = 2147483647;
			files = (
			);
			runOnlyForDeploymentPostprocessing = 0;
		};
/* End PBXResourcesBuildPhase section */

/* Begin PBXShellScriptBuildPhase section */
		0D6352D211FF5E2557C5F711 /* [CP] Embed Pods Frameworks */ = {
			isa = PBXShellScriptBuildPhase;
			buildActionMask = 2147483647;
			files = (
			);
			inputFileListPaths = (
				"${PODS_ROOT}/Target Support Files/Pods-MultipleAPICalling-MultipleAPICallingUITests/Pods-MultipleAPICalling-MultipleAPICallingUITests-frameworks-${CONFIGURATION}-input-files.xcfilelist",
			);
			name = "[CP] Embed Pods Frameworks";
			outputFileListPaths = (
				"${PODS_ROOT}/Target Support Files/Pods-MultipleAPICalling-MultipleAPICallingUITests/Pods-MultipleAPICalling-MultipleAPICallingUITests-frameworks-${CONFIGURATION}-output-files.xcfilelist",
			);
			runOnlyForDeploymentPostprocessing = 0;
			shellPath = /bin/sh;
			shellScript = "\"${PODS_ROOT}/Target Support Files/Pods-MultipleAPICalling-MultipleAPICallingUITests/Pods-MultipleAPICalling-MultipleAPICallingUITests-frameworks.sh\"\n";
			showEnvVarsInLog = 0;
		};
		2D9C3007E8197B69F3DFFC67 /* [CP] Check Pods Manifest.lock */ = {
			isa = PBXShellScriptBuildPhase;
			buildActionMask = 2147483647;
			files = (
			);
			inputFileListPaths = (
			);
			inputPaths = (
				"${PODS_PODFILE_DIR_PATH}/Podfile.lock",
				"${PODS_ROOT}/Manifest.lock",
			);
			name = "[CP] Check Pods Manifest.lock";
			outputFileListPaths = (
			);
			outputPaths = (
				"$(DERIVED_FILE_DIR)/Pods-MultipleAPICalling-checkManifestLockResult.txt",
			);
			runOnlyForDeploymentPostprocessing = 0;
			shellPath = /bin/sh;
			shellScript = "diff \"${PODS_PODFILE_DIR_PATH}/Podfile.lock\" \"${PODS_ROOT}/Manifest.lock\" > /dev/null\nif [ $? != 0 ] ; then\n    # print error to STDERR\n    echo \"error: The sandbox is not in sync with the Podfile.lock. Run 'pod install' or update your CocoaPods installation.\" >&2\n    exit 1\nfi\n# This output is used by Xcode 'outputs' to avoid re-running this script phase.\necho \"SUCCESS\" > \"${SCRIPT_OUTPUT_FILE_0}\"\n";
			showEnvVarsInLog = 0;
		};
		44E712C4511EC8CBAFEBB233 /* [CP] Check Pods Manifest.lock */ = {
			isa = PBXShellScriptBuildPhase;
			buildActionMask = 2147483647;
			files = (
			);
			inputFileListPaths = (
			);
			inputPaths = (
				"${PODS_PODFILE_DIR_PATH}/Podfile.lock",
				"${PODS_ROOT}/Manifest.lock",
			);
			name = "[CP] Check Pods Manifest.lock";
			outputFileListPaths = (
			);
			outputPaths = (
				"$(DERIVED_FILE_DIR)/Pods-MultipleAPICalling-MultipleAPICallingUITests-checkManifestLockResult.txt",
			);
			runOnlyForDeploymentPostprocessing = 0;
			shellPath = /bin/sh;
			shellScript = "diff \"${PODS_PODFILE_DIR_PATH}/Podfile.lock\" \"${PODS_ROOT}/Manifest.lock\" > /dev/null\nif [ $? != 0 ] ; then\n    # print error to STDERR\n    echo \"error: The sandbox is not in sync with the Podfile.lock. Run 'pod install' or update your CocoaPods installation.\" >&2\n    exit 1\nfi\n# This output is used by Xcode 'outputs' to avoid re-running this script phase.\necho \"SUCCESS\" > \"${SCRIPT_OUTPUT_FILE_0}\"\n";
			showEnvVarsInLog = 0;
		};
		717C545C2274B32897936B8F /* [CP] Check Pods Manifest.lock */ = {
			isa = PBXShellScriptBuildPhase;
			buildActionMask = 2147483647;
			files = (
			);
			inputFileListPaths = (
			);
			inputPaths = (
				"${PODS_PODFILE_DIR_PATH}/Podfile.lock",
				"${PODS_ROOT}/Manifest.lock",
			);
			name = "[CP] Check Pods Manifest.lock";
			outputFileListPaths = (
			);
			outputPaths = (
				"$(DERIVED_FILE_DIR)/Pods-MultipleAPICallingTests-checkManifestLockResult.txt",
			);
			runOnlyForDeploymentPostprocessing = 0;
			shellPath = /bin/sh;
			shellScript = "diff \"${PODS_PODFILE_DIR_PATH}/Podfile.lock\" \"${PODS_ROOT}/Manifest.lock\" > /dev/null\nif [ $? != 0 ] ; then\n    # print error to STDERR\n    echo \"error: The sandbox is not in sync with the Podfile.lock. Run 'pod install' or update your CocoaPods installation.\" >&2\n    exit 1\nfi\n# This output is used by Xcode 'outputs' to avoid re-running this script phase.\necho \"SUCCESS\" > \"${SCRIPT_OUTPUT_FILE_0}\"\n";
			showEnvVarsInLog = 0;
		};
		D06F28A7ECC6841444193AFC /* [CP] Embed Pods Frameworks */ = {
			isa = PBXShellScriptBuildPhase;
			buildActionMask = 2147483647;
			files = (
			);
			inputFileListPaths = (
				"${PODS_ROOT}/Target Support Files/Pods-MultipleAPICalling/Pods-MultipleAPICalling-frameworks-${CONFIGURATION}-input-files.xcfilelist",
			);
			name = "[CP] Embed Pods Frameworks";
			outputFileListPaths = (
				"${PODS_ROOT}/Target Support Files/Pods-MultipleAPICalling/Pods-MultipleAPICalling-frameworks-${CONFIGURATION}-output-files.xcfilelist",
			);
			runOnlyForDeploymentPostprocessing = 0;
			shellPath = /bin/sh;
			shellScript = "\"${PODS_ROOT}/Target Support Files/Pods-MultipleAPICalling/Pods-MultipleAPICalling-frameworks.sh\"\n";
			showEnvVarsInLog = 0;
		};
/* End PBXShellScriptBuildPhase section */

/* Begin PBXSourcesBuildPhase section */
		BDDE936C2C1A7E1F005E8A07 /* Sources */ = {
			isa = PBXSourcesBuildPhase;
			buildActionMask = 2147483647;
			files = (
				BDDE93A62C1A85F5005E8A07 /* FamousTableViewCell.swift in Sources */,
				BDDE93782C1A7E1F005E8A07 /* ViewController.swift in Sources */,
				BDDE93A82C1A85FE005E8A07 /* TagsTableViewCell.swift in Sources */,
				BDDE93742C1A7E1F005E8A07 /* AppDelegate.swift in Sources */,
				BDDE93762C1A7E1F005E8A07 /* SceneDelegate.swift in Sources */,
				BDDE93A42C1A84B6005E8A07 /* Model.swift in Sources */,
			);
			runOnlyForDeploymentPostprocessing = 0;
		};
		BDDE93822C1A7E21005E8A07 /* Sources */ = {
			isa = PBXSourcesBuildPhase;
			buildActionMask = 2147483647;
			files = (
				BDDE938B2C1A7E21005E8A07 /* MultipleAPICallingTests.swift in Sources */,
			);
			runOnlyForDeploymentPostprocessing = 0;
		};
		BDDE938C2C1A7E21005E8A07 /* Sources */ = {
			isa = PBXSourcesBuildPhase;
			buildActionMask = 2147483647;
			files = (
				BDDE93972C1A7E21005E8A07 /* MultipleAPICallingUITestsLaunchTests.swift in Sources */,
				BDDE93952C1A7E21005E8A07 /* MultipleAPICallingUITests.swift in Sources */,
			);
			runOnlyForDeploymentPostprocessing = 0;
		};
/* End PBXSourcesBuildPhase section */

/* Begin PBXTargetDependency section */
		BDDE93882C1A7E21005E8A07 /* PBXTargetDependency */ = {
			isa = PBXTargetDependency;
			target = BDDE936F2C1A7E1F005E8A07 /* MultipleAPICalling */;
			targetProxy = BDDE93872C1A7E21005E8A07 /* PBXContainerItemProxy */;
		};
		BDDE93922C1A7E21005E8A07 /* PBXTargetDependency */ = {
			isa = PBXTargetDependency;
			target = BDDE936F2C1A7E1F005E8A07 /* MultipleAPICalling */;
			targetProxy = BDDE93912C1A7E21005E8A07 /* PBXContainerItemProxy */;
		};
/* End PBXTargetDependency section */

/* Begin PBXVariantGroup section */
		BDDE93792C1A7E1F005E8A07 /* Main.storyboard */ = {
			isa = PBXVariantGroup;
			children = (
				BDDE937A2C1A7E1F005E8A07 /* Base */,
			);
			name = Main.storyboard;
			sourceTree = "<group>";
		};
		BDDE937E2C1A7E21005E8A07 /* LaunchScreen.storyboard */ = {
			isa = PBXVariantGroup;
			children = (
				BDDE937F2C1A7E21005E8A07 /* Base */,
			);
			name = LaunchScreen.storyboard;
			sourceTree = "<group>";
		};
/* End PBXVariantGroup section */

/* Begin XCBuildConfiguration section */
		BDDE93982C1A7E21005E8A07 /* Debug */ = {
			isa = XCBuildConfiguration;
			buildSettings = {
				ALWAYS_SEARCH_USER_PATHS = NO;
				ASSETCATALOG_COMPILER_GENERATE_SWIFT_ASSET_SYMBOL_EXTENSIONS = YES;
				CLANG_ANALYZER_NONNULL = YES;
				CLANG_ANALYZER_NUMBER_OBJECT_CONVERSION = YES_AGGRESSIVE;
				CLANG_CXX_LANGUAGE_STANDARD = "gnu++20";
				CLANG_ENABLE_MODULES = YES;
				CLANG_ENABLE_OBJC_ARC = YES;
				CLANG_ENABLE_OBJC_WEAK = YES;
				CLANG_WARN_BLOCK_CAPTURE_AUTORELEASING = YES;
				CLANG_WARN_BOOL_CONVERSION = YES;
				CLANG_WARN_COMMA = YES;
				CLANG_WARN_CONSTANT_CONVERSION = YES;
				CLANG_WARN_DEPRECATED_OBJC_IMPLEMENTATIONS = YES;
				CLANG_WARN_DIRECT_OBJC_ISA_USAGE = YES_ERROR;
				CLANG_WARN_DOCUMENTATION_COMMENTS = YES;
				CLANG_WARN_EMPTY_BODY = YES;
				CLANG_WARN_ENUM_CONVERSION = YES;
				CLANG_WARN_INFINITE_RECURSION = YES;
				CLANG_WARN_INT_CONVERSION = YES;
				CLANG_WARN_NON_LITERAL_NULL_CONVERSION = YES;
				CLANG_WARN_OBJC_IMPLICIT_RETAIN_SELF = YES;
				CLANG_WARN_OBJC_LITERAL_CONVERSION = YES;
				CLANG_WARN_OBJC_ROOT_CLASS = YES_ERROR;
				CLANG_WARN_QUOTED_INCLUDE_IN_FRAMEWORK_HEADER = YES;
				CLANG_WARN_RANGE_LOOP_ANALYSIS = YES;
				CLANG_WARN_STRICT_PROTOTYPES = YES;
				CLANG_WARN_SUSPICIOUS_MOVE = YES;
				CLANG_WARN_UNGUARDED_AVAILABILITY = YES_AGGRESSIVE;
				CLANG_WARN_UNREACHABLE_CODE = YES;
				CLANG_WARN__DUPLICATE_METHOD_MATCH = YES;
				COPY_PHASE_STRIP = NO;
				DEBUG_INFORMATION_FORMAT = dwarf;
				ENABLE_STRICT_OBJC_MSGSEND = YES;
				ENABLE_TESTABILITY = YES;
				ENABLE_USER_SCRIPT_SANDBOXING = YES;
				GCC_C_LANGUAGE_STANDARD = gnu17;
				GCC_DYNAMIC_NO_PIC = NO;
				GCC_NO_COMMON_BLOCKS = YES;
				GCC_OPTIMIZATION_LEVEL = 0;
				GCC_PREPROCESSOR_DEFINITIONS = (
					"DEBUG=1",
					"$(inherited)",
				);
				GCC_WARN_64_TO_32_BIT_CONVERSION = YES;
				GCC_WARN_ABOUT_RETURN_TYPE = YES_ERROR;
				GCC_WARN_UNDECLARED_SELECTOR = YES;
				GCC_WARN_UNINITIALIZED_AUTOS = YES_AGGRESSIVE;
				GCC_WARN_UNUSED_FUNCTION = YES;
				GCC_WARN_UNUSED_VARIABLE = YES;
				IPHONEOS_DEPLOYMENT_TARGET = 17.4;
				LOCALIZATION_PREFERS_STRING_CATALOGS = YES;
				MTL_ENABLE_DEBUG_INFO = INCLUDE_SOURCE;
				MTL_FAST_MATH = YES;
				ONLY_ACTIVE_ARCH = YES;
				SDKROOT = iphoneos;
				SWIFT_ACTIVE_COMPILATION_CONDITIONS = "DEBUG $(inherited)";
				SWIFT_OPTIMIZATION_LEVEL = "-Onone";
			};
			name = Debug;
		};
		BDDE93992C1A7E21005E8A07 /* Release */ = {
			isa = XCBuildConfiguration;
			buildSettings = {
				ALWAYS_SEARCH_USER_PATHS = NO;
				ASSETCATALOG_COMPILER_GENERATE_SWIFT_ASSET_SYMBOL_EXTENSIONS = YES;
				CLANG_ANALYZER_NONNULL = YES;
				CLANG_ANALYZER_NUMBER_OBJECT_CONVERSION = YES_AGGRESSIVE;
				CLANG_CXX_LANGUAGE_STANDARD = "gnu++20";
				CLANG_ENABLE_MODULES = YES;
				CLANG_ENABLE_OBJC_ARC = YES;
				CLANG_ENABLE_OBJC_WEAK = YES;
				CLANG_WARN_BLOCK_CAPTURE_AUTORELEASING = YES;
				CLANG_WARN_BOOL_CONVERSION = YES;
				CLANG_WARN_COMMA = YES;
				CLANG_WARN_CONSTANT_CONVERSION = YES;
				CLANG_WARN_DEPRECATED_OBJC_IMPLEMENTATIONS = YES;
				CLANG_WARN_DIRECT_OBJC_ISA_USAGE = YES_ERROR;
				CLANG_WARN_DOCUMENTATION_COMMENTS = YES;
				CLANG_WARN_EMPTY_BODY = YES;
				CLANG_WARN_ENUM_CONVERSION = YES;
				CLANG_WARN_INFINITE_RECURSION = YES;
				CLANG_WARN_INT_CONVERSION = YES;
				CLANG_WARN_NON_LITERAL_NULL_CONVERSION = YES;
				CLANG_WARN_OBJC_IMPLICIT_RETAIN_SELF = YES;
				CLANG_WARN_OBJC_LITERAL_CONVERSION = YES;
				CLANG_WARN_OBJC_ROOT_CLASS = YES_ERROR;
				CLANG_WARN_QUOTED_INCLUDE_IN_FRAMEWORK_HEADER = YES;
				CLANG_WARN_RANGE_LOOP_ANALYSIS = YES;
				CLANG_WARN_STRICT_PROTOTYPES = YES;
				CLANG_WARN_SUSPICIOUS_MOVE = YES;
				CLANG_WARN_UNGUARDED_AVAILABILITY = YES_AGGRESSIVE;
				CLANG_WARN_UNREACHABLE_CODE = YES;
				CLANG_WARN__DUPLICATE_METHOD_MATCH = YES;
				COPY_PHASE_STRIP = NO;
				DEBUG_INFORMATION_FORMAT = "dwarf-with-dsym";
				ENABLE_NS_ASSERTIONS = NO;
				ENABLE_STRICT_OBJC_MSGSEND = YES;
				ENABLE_USER_SCRIPT_SANDBOXING = YES;
				GCC_C_LANGUAGE_STANDARD = gnu17;
				GCC_NO_COMMON_BLOCKS = YES;
				GCC_WARN_64_TO_32_BIT_CONVERSION = YES;
				GCC_WARN_ABOUT_RETURN_TYPE = YES_ERROR;
				GCC_WARN_UNDECLARED_SELECTOR = YES;
				GCC_WARN_UNINITIALIZED_AUTOS = YES_AGGRESSIVE;
				GCC_WARN_UNUSED_FUNCTION = YES;
				GCC_WARN_UNUSED_VARIABLE = YES;
				IPHONEOS_DEPLOYMENT_TARGET = 17.4;
				LOCALIZATION_PREFERS_STRING_CATALOGS = YES;
				MTL_ENABLE_DEBUG_INFO = NO;
				MTL_FAST_MATH = YES;
				SDKROOT = iphoneos;
				SWIFT_COMPILATION_MODE = wholemodule;
				VALIDATE_PRODUCT = YES;
			};
			name = Release;
		};
		BDDE939B2C1A7E21005E8A07 /* Debug */ = {
			isa = XCBuildConfiguration;
			baseConfigurationReference = 380BEE897F00A8666F053090 /* Pods-MultipleAPICalling.debug.xcconfig */;
			buildSettings = {
				ASSETCATALOG_COMPILER_APPICON_NAME = AppIcon;
				ASSETCATALOG_COMPILER_GLOBAL_ACCENT_COLOR_NAME = AccentColor;
				CODE_SIGN_STYLE = Automatic;
				CURRENT_PROJECT_VERSION = 1;
				ENABLE_USER_SCRIPT_SANDBOXING = NO;
				GENERATE_INFOPLIST_FILE = YES;
				INFOPLIST_FILE = MultipleAPICalling/Info.plist;
				INFOPLIST_KEY_UIApplicationSupportsIndirectInputEvents = YES;
				INFOPLIST_KEY_UILaunchStoryboardName = LaunchScreen;
				INFOPLIST_KEY_UIMainStoryboardFile = Main;
				INFOPLIST_KEY_UISupportedInterfaceOrientations_iPad = "UIInterfaceOrientationPortrait UIInterfaceOrientationPortraitUpsideDown UIInterfaceOrientationLandscapeLeft UIInterfaceOrientationLandscapeRight";
				INFOPLIST_KEY_UISupportedInterfaceOrientations_iPhone = "UIInterfaceOrientationPortrait UIInterfaceOrientationLandscapeLeft UIInterfaceOrientationLandscapeRight";
				LD_RUNPATH_SEARCH_PATHS = (
					"$(inherited)",
					"@executable_path/Frameworks",
				);
				MARKETING_VERSION = 1.0;
				PRODUCT_BUNDLE_IDENTIFIER = com.plexustechnology.MultipleAPICalling;
				PRODUCT_NAME = "$(TARGET_NAME)";
				SWIFT_EMIT_LOC_STRINGS = YES;
				SWIFT_VERSION = 5.0;
				TARGETED_DEVICE_FAMILY = "1,2";
			};
			name = Debug;
		};
		BDDE939C2C1A7E21005E8A07 /* Release */ = {
			isa = XCBuildConfiguration;
			baseConfigurationReference = CFCF3F68F2AB12D990AC01F2 /* Pods-MultipleAPICalling.release.xcconfig */;
			buildSettings = {
				ASSETCATALOG_COMPILER_APPICON_NAME = AppIcon;
				ASSETCATALOG_COMPILER_GLOBAL_ACCENT_COLOR_NAME = AccentColor;
				CODE_SIGN_STYLE = Automatic;
				CURRENT_PROJECT_VERSION = 1;
				ENABLE_USER_SCRIPT_SANDBOXING = NO;
				GENERATE_INFOPLIST_FILE = YES;
				INFOPLIST_FILE = MultipleAPICalling/Info.plist;
				INFOPLIST_KEY_UIApplicationSupportsIndirectInputEvents = YES;
				INFOPLIST_KEY_UILaunchStoryboardName = LaunchScreen;
				INFOPLIST_KEY_UIMainStoryboardFile = Main;
				INFOPLIST_KEY_UISupportedInterfaceOrientations_iPad = "UIInterfaceOrientationPortrait UIInterfaceOrientationPortraitUpsideDown UIInterfaceOrientationLandscapeLeft UIInterfaceOrientationLandscapeRight";
				INFOPLIST_KEY_UISupportedInterfaceOrientations_iPhone = "UIInterfaceOrientationPortrait UIInterfaceOrientationLandscapeLeft UIInterfaceOrientationLandscapeRight";
				LD_RUNPATH_SEARCH_PATHS = (
					"$(inherited)",
					"@executable_path/Frameworks",
				);
				MARKETING_VERSION = 1.0;
				PRODUCT_BUNDLE_IDENTIFIER = com.plexustechnology.MultipleAPICalling;
				PRODUCT_NAME = "$(TARGET_NAME)";
				SWIFT_EMIT_LOC_STRINGS = YES;
				SWIFT_VERSION = 5.0;
				TARGETED_DEVICE_FAMILY = "1,2";
			};
			name = Release;
		};
		BDDE939E2C1A7E21005E8A07 /* Debug */ = {
			isa = XCBuildConfiguration;
			baseConfigurationReference = 17F6E41B17FB8C4133A04361 /* Pods-MultipleAPICallingTests.debug.xcconfig */;
			buildSettings = {
				ALWAYS_EMBED_SWIFT_STANDARD_LIBRARIES = YES;
				BUNDLE_LOADER = "$(TEST_HOST)";
				CODE_SIGN_STYLE = Automatic;
				CURRENT_PROJECT_VERSION = 1;
				GENERATE_INFOPLIST_FILE = YES;
				IPHONEOS_DEPLOYMENT_TARGET = 17.4;
				MARKETING_VERSION = 1.0;
				PRODUCT_BUNDLE_IDENTIFIER = com.plexustechnology.MultipleAPICallingTests;
				PRODUCT_NAME = "$(TARGET_NAME)";
				SWIFT_EMIT_LOC_STRINGS = NO;
				SWIFT_VERSION = 5.0;
				TARGETED_DEVICE_FAMILY = "1,2";
				TEST_HOST = "$(BUILT_PRODUCTS_DIR)/MultipleAPICalling.app/$(BUNDLE_EXECUTABLE_FOLDER_PATH)/MultipleAPICalling";
			};
			name = Debug;
		};
		BDDE939F2C1A7E21005E8A07 /* Release */ = {
			isa = XCBuildConfiguration;
			baseConfigurationReference = 8123DE1F350ECAE60DF05F25 /* Pods-MultipleAPICallingTests.release.xcconfig */;
			buildSettings = {
				ALWAYS_EMBED_SWIFT_STANDARD_LIBRARIES = YES;
				BUNDLE_LOADER = "$(TEST_HOST)";
				CODE_SIGN_STYLE = Automatic;
				CURRENT_PROJECT_VERSION = 1;
				GENERATE_INFOPLIST_FILE = YES;
				IPHONEOS_DEPLOYMENT_TARGET = 17.4;
				MARKETING_VERSION = 1.0;
				PRODUCT_BUNDLE_IDENTIFIER = com.plexustechnology.MultipleAPICallingTests;
				PRODUCT_NAME = "$(TARGET_NAME)";
				SWIFT_EMIT_LOC_STRINGS = NO;
				SWIFT_VERSION = 5.0;
				TARGETED_DEVICE_FAMILY = "1,2";
				TEST_HOST = "$(BUILT_PRODUCTS_DIR)/MultipleAPICalling.app/$(BUNDLE_EXECUTABLE_FOLDER_PATH)/MultipleAPICalling";
			};
			name = Release;
		};
		BDDE93A12C1A7E21005E8A07 /* Debug */ = {
			isa = XCBuildConfiguration;
			baseConfigurationReference = 1EAF5AF28F1D10E9D7A8164E /* Pods-MultipleAPICalling-MultipleAPICallingUITests.debug.xcconfig */;
			buildSettings = {
				ALWAYS_EMBED_SWIFT_STANDARD_LIBRARIES = YES;
				CODE_SIGN_STYLE = Automatic;
				CURRENT_PROJECT_VERSION = 1;
				GENERATE_INFOPLIST_FILE = YES;
				MARKETING_VERSION = 1.0;
				PRODUCT_BUNDLE_IDENTIFIER = com.plexustechnology.MultipleAPICallingUITests;
				PRODUCT_NAME = "$(TARGET_NAME)";
				SWIFT_EMIT_LOC_STRINGS = NO;
				SWIFT_VERSION = 5.0;
				TARGETED_DEVICE_FAMILY = "1,2";
				TEST_TARGET_NAME = MultipleAPICalling;
			};
			name = Debug;
		};
		BDDE93A22C1A7E21005E8A07 /* Release */ = {
			isa = XCBuildConfiguration;
			baseConfigurationReference = 5C7C7321A77D3495FDA6928F /* Pods-MultipleAPICalling-MultipleAPICallingUITests.release.xcconfig */;
			buildSettings = {
				ALWAYS_EMBED_SWIFT_STANDARD_LIBRARIES = YES;
				CODE_SIGN_STYLE = Automatic;
				CURRENT_PROJECT_VERSION = 1;
				GENERATE_INFOPLIST_FILE = YES;
				MARKETING_VERSION = 1.0;
				PRODUCT_BUNDLE_IDENTIFIER = com.plexustechnology.MultipleAPICallingUITests;
				PRODUCT_NAME = "$(TARGET_NAME)";
				SWIFT_EMIT_LOC_STRINGS = NO;
				SWIFT_VERSION = 5.0;
				TARGETED_DEVICE_FAMILY = "1,2";
				TEST_TARGET_NAME = MultipleAPICalling;
			};
			name = Release;
		};
/* End XCBuildConfiguration section */

/* Begin XCConfigurationList section */
		BDDE936B2C1A7E1F005E8A07 /* Build configuration list for PBXProject "MultipleAPICalling" */ = {
			isa = XCConfigurationList;
			buildConfigurations = (
				BDDE93982C1A7E21005E8A07 /* Debug */,
				BDDE93992C1A7E21005E8A07 /* Release */,
			);
			defaultConfigurationIsVisible = 0;
			defaultConfigurationName = Release;
		};
		BDDE939A2C1A7E21005E8A07 /* Build configuration list for PBXNativeTarget "MultipleAPICalling" */ = {
			isa = XCConfigurationList;
			buildConfigurations = (
				BDDE939B2C1A7E21005E8A07 /* Debug */,
				BDDE939C2C1A7E21005E8A07 /* Release */,
			);
			defaultConfigurationIsVisible = 0;
			defaultConfigurationName = Release;
		};
		BDDE939D2C1A7E21005E8A07 /* Build configuration list for PBXNativeTarget "MultipleAPICallingTests" */ = {
			isa = XCConfigurationList;
			buildConfigurations = (
				BDDE939E2C1A7E21005E8A07 /* Debug */,
				BDDE939F2C1A7E21005E8A07 /* Release */,
			);
			defaultConfigurationIsVisible = 0;
			defaultConfigurationName = Release;
		};
		BDDE93A02C1A7E21005E8A07 /* Build configuration list for PBXNativeTarget "MultipleAPICallingUITests" */ = {
			isa = XCConfigurationList;
			buildConfigurations = (
				BDDE93A12C1A7E21005E8A07 /* Debug */,
				BDDE93A22C1A7E21005E8A07 /* Release */,
			);
			defaultConfigurationIsVisible = 0;
			defaultConfigurationName = Release;
		};
/* End XCConfigurationList section */
	};
	rootObject = BDDE93682C1A7E1F005E8A07 /* Project object */;
}
